
Microsoft Visual Studio Solution File, Format Version 12.00
# Visual Studio Version 16
VisualStudioVersion = 16.0.30503.244
MinimumVisualStudioVersion = 10.0.40219.1
Project("{FAE04EC0-301F-11D3-BF4B-00C04F79EFBC}") = "WP_12_2", "WP_12_2\WP_12_2.csproj", "{CA6EB8C9-B6E5-49F0-B0AE-8DC1D77598EE}"
EndProject
Global
	GlobalSection(SolutionConfigurationPlatforms) = preSolution
		Debug|Any CPU = Debug|Any CPU
		Release|Any CPU = Release|Any CPU
	EndGlobalSection
	GlobalSection(ProjectConfigurationPlatforms) = postSolution
		{CA6EB8C9-B6E5-49F0-B0AE-8DC1D77598EE}.Debug|Any CPU.ActiveCfg = Debug|Any CPU
		{CA6EB8C9-B6E5-49F0-B0AE-8DC1D77598EE}.Debug|Any CPU.Build.0 = Debug|Any CPU
		{CA6EB8C9-B6E5-49F0-B0AE-8DC1D77598EE}.Release|Any CPU.ActiveCfg = Release|Any CPU
		{CA6EB8C9-B6E5-49F0-B0AE-8DC1D77598EE}.Release|Any CPU.Build.0 = Release|Any CPU
	EndGlobalSection
	GlobalSection(SolutionProperties) = preSolution
		HideSolutionNode = FALSE
	EndGlobalSection
	GlobalSection(ExtensibilityGlobals) = postSolution
		SolutionGuid = {941A947A-9780-4B91-A2AE-2C00E3D10427}
	EndGlobalSection
EndGlobal
